{
  "object": {
    "pins": [
      {
        "package": "SwiftUIVisualEffects",
        "repositoryURL": "https://github.com/lucasbrown/swiftui-visual-effects.git",
        "state": {
          "branch": null,
          "revision": "b26f8cebd55ff60ed8953768aa818dfb005b5838",
          "version": "1.0.3"
        }
      },
      {
        "package": "TTProgressHUD",
        "repositoryURL": "https://github.com/honkmaster/TTProgressHUD",
        "state": {
          "branch": null,
          "revision": "2233fe789944154d04dff08d4567d96bc17cbf9a",
          "version": "0.0.5"
        }
      }
    ]
  },
  "version": 1
}
